<?xml version="1.0" encoding="utf-8"?>
<Project ToolsVersion="4.0" xmlns="http://schemas.microsoft.com/developer/msbuild/2003">
  <ItemGroup>
    <Filter Include="CEngine">
      <UniqueIdentifier>{FE4632D2-6A26-B16D-733E-3C44DF9C17CF}</UniqueIdentifier>
    </Filter>
  </ItemGroup>
  <ItemGroup>
    <ClInclude Include="src\CEngine.h" />
    <ClInclude Include="src\CEngine\Application.h">
      <Filter>CEngine</Filter>
    </ClInclude>
    <ClInclude Include="src\CEngine\Core.h">
      <Filter>CEngine</Filter>
    </ClInclude>
    <ClInclude Include="src\CEngine\EntryPoint.h">
      <Filter>CEngine</Filter>
    </ClInclude>
    <ClInclude Include="src\CEngine\Log.h">
      <Filter>CEngine</Filter>
    </ClInclude>
  </ItemGroup>
  <ItemGroup>
    <ClCompile Include="src\CEngine\Application.cpp">
      <Filter>CEngine</Filter>
    </ClCompile>
    <ClCompile Include="src\CEngine\Log.cpp">
      <Filter>CEngine</Filter>
    </ClCompile>
  </ItemGroup>
</Project>